// !$*UTF8*$!
{
	archiveVersion = 1;
	classes = {
	};
	objectVersion = 46;
	objects = {

/* Begin PBXBuildFile section */
		00E6CA9718DC86AB0062214A /* Foundation.framework in Frameworks */ = {isa = PBXBuildFile; fileRef = 00E6CA9618DC86AB0062214A /* Foundation.framework */; };
		00E6CA9918DC86AB0062214A /* CoreGraphics.framework in Frameworks */ = {isa = PBXBuildFile; fileRef = 00E6CA9818DC86AB0062214A /* CoreGraphics.framework */; };
		00E6CA9B18DC86AB0062214A /* UIKit.framework in Frameworks */ = {isa = PBXBuildFile; fileRef = 00E6CA9A18DC86AB0062214A /* UIKit.framework */; };
		00E6CAA118DC86AB0062214A /* InfoPlist.strings in Resources */ = {isa = PBXBuildFile; fileRef = 00E6CA9F18DC86AB0062214A /* InfoPlist.strings */; };
		00E6CAA318DC86AB0062214A /* main.m in Sources */ = {isa = PBXBuildFile; fileRef = 00E6CAA218DC86AB0062214A /* main.m */; };
		00E6CAA718DC86AB0062214A /* AppDelegate.m in Sources */ = {isa = PBXBuildFile; fileRef = 00E6CAA618DC86AB0062214A /* AppDelegate.m */; };
		00E6CAAA18DC86AB0062214A /* Main.storyboard in Resources */ = {isa = PBXBuildFile; fileRef = 00E6CAA818DC86AB0062214A /* Main.storyboard */; };
		00E6CAAD18DC86AB0062214A /* ViewController.m in Sources */ = {isa = PBXBuildFile; fileRef = 00E6CAAC18DC86AB0062214A /* ViewController.m */; };
		00E6CAAF18DC86AB0062214A /* Images.xcassets in Resources */ = {isa = PBXBuildFile; fileRef = 00E6CAAE18DC86AB0062214A /* Images.xcassets */; };
		00E6CAB618DC86AB0062214A /* XCTest.framework in Frameworks */ = {isa = PBXBuildFile; fileRef = 00E6CAB518DC86AB0062214A /* XCTest.framework */; };
		00E6CAB718DC86AB0062214A /* Foundation.framework in Frameworks */ = {isa = PBXBuildFile; fileRef = 00E6CA9618DC86AB0062214A /* Foundation.framework */; };
		00E6CAB818DC86AB0062214A /* UIKit.framework in Frameworks */ = {isa = PBXBuildFile; fileRef = 00E6CA9A18DC86AB0062214A /* UIKit.framework */; };
		00E6CAC018DC86AB0062214A /* InfoPlist.strings in Resources */ = {isa = PBXBuildFile; fileRef = 00E6CABE18DC86AB0062214A /* InfoPlist.strings */; };
		00E6CAC218DC86AB0062214A /* IntelliFlow3DTests.m in Sources */ = {isa = PBXBuildFile; fileRef = 00E6CAC118DC86AB0062214A /* IntelliFlow3DTests.m */; };
/* End PBXBuildFile section */

/* Begin PBXContainerItemProxy section */
		00E6CAB918DC86AB0062214A /* PBXContainerItemProxy */ = {
			isa = PBXContainerItemProxy;
			containerPortal = 00E6CA8B18DC86AB0062214A /* Project object */;
			proxyType = 1;
			remoteGlobalIDString = 00E6CA9218DC86AB0062214A;
			remoteInfo = IntelliFlow3D;
		};
/* End PBXContainerItemProxy section */

/* Begin PBXFileReference section */
		00E6CA9318DC86AB0062214A /* IntelliFlow3D.app */ = {isa = PBXFileReference; explicitFileType = wrapper.application; includeInIndex = 0; path = IntelliFlow3D.app; sourceTree = BUILT_PRODUCTS_DIR; };
		00E6CA9618DC86AB0062214A /* Foundation.framework */ = {isa = PBXFileReference; lastKnownFileType = wrapper.framework; name = Foundation.framework; path = System/Library/Frameworks/Foundation.framework; sourceTree = SDKROOT; };
		00E6CA9818DC86AB0062214A /* CoreGraphics.framework */ = {isa = PBXFileReference; lastKnownFileType = wrapper.framework; name = CoreGraphics.framework; path = System/Library/Frameworks/CoreGraphics.framework; sourceTree = SDKROOT; };
		00E6CA9A18DC86AB0062214A /* UIKit.framework */ = {isa = PBXFileReference; lastKnownFileType = wrapper.framework; name = UIKit.framework; path = System/Library/Frameworks/UIKit.framework; sourceTree = SDKROOT; };
		00E6CA9E18DC86AB0062214A /* IntelliFlow3D-Info.plist */ = {isa = PBXFileReference; lastKnownFileType = text.plist.xml; path = "IntelliFlow3D-Info.plist"; sourceTree = "<group>"; };
		00E6CAA018DC86AB0062214A /* en */ = {isa = PBXFileReference; lastKnownFileType = text.plist.strings; name = en; path = en.lproj/InfoPlist.strings; sourceTree = "<group>"; };
		00E6CAA218DC86AB0062214A /* main.m */ = {isa = PBXFileReference; lastKnownFileType = sourcecode.c.objc; path = main.m; sourceTree = "<group>"; };
		00E6CAA418DC86AB0062214A /* IntelliFlow3D-Prefix.pch */ = {isa = PBXFileReference; lastKnownFileType = sourcecode.c.h; path = "IntelliFlow3D-Prefix.pch"; sourceTree = "<group>"; };
		00E6CAA518DC86AB0062214A /* AppDelegate.h */ = {isa = PBXFileReference; lastKnownFileType = sourcecode.c.h; path = AppDelegate.h; sourceTree = "<group>"; };
		00E6CAA618DC86AB0062214A /* AppDelegate.m */ = {isa = PBXFileReference; lastKnownFileType = sourcecode.c.objc; path = AppDelegate.m; sourceTree = "<group>"; };
		00E6CAA918DC86AB0062214A /* Base */ = {isa = PBXFileReference; lastKnownFileType = file.storyboard; name = Base; path = Base.lproj/Main.storyboard; sourceTree = "<group>"; };
		00E6CAAB18DC86AB0062214A /* ViewController.h */ = {isa = PBXFileReference; lastKnownFileType = sourcecode.c.h; path = ViewController.h; sourceTree = "<group>"; };
		00E6CAAC18DC86AB0062214A /* ViewController.m */ = {isa = PBXFileReference; lastKnownFileType = sourcecode.c.objc; path = ViewController.m; sourceTree = "<group>"; };
		00E6CAAE18DC86AB0062214A /* Images.xcassets */ = {isa = PBXFileReference; lastKnownFileType = folder.assetcatalog; path = Images.xcassets; sourceTree = "<group>"; };
		00E6CAB418DC86AB0062214A /* IntelliFlow3DTests.xctest */ = {isa = PBXFileReference; explicitFileType = wrapper.cfbundle; includeInIndex = 0; path = IntelliFlow3DTests.xctest; sourceTree = BUILT_PRODUCTS_DIR; };
		00E6CAB518DC86AB0062214A /* XCTest.framework */ = {isa = PBXFileReference; lastKnownFileType = wrapper.framework; name = XCTest.framework; path = Library/Frameworks/XCTest.framework; sourceTree = DEVELOPER_DIR; };
		00E6CABD18DC86AB0062214A /* IntelliFlow3DTests-Info.plist */ = {isa = PBXFileReference; lastKnownFileType = text.plist.xml; path = "IntelliFlow3DTests-Info.plist"; sourceTree = "<group>"; };
		00E6CABF18DC86AB0062214A /* en */ = {isa = PBXFileReference; lastKnownFileType = text.plist.strings; name = en; path = en.lproj/InfoPlist.strings; sourceTree = "<group>"; };
		00E6CAC118DC86AB0062214A /* IntelliFlow3DTests.m */ = {isa = PBXFileReference; lastKnownFileType = sourcecode.c.objc; path = IntelliFlow3DTests.m; sourceTree = "<group>"; };
/* End PBXFileReference section */

/* Begin PBXFrameworksBuildPhase section */
		00E6CA9018DC86AB0062214A /* Frameworks */ = {
			isa = PBXFrameworksBuildPhase;
			buildActionMask = 2147483647;
			files = (
				00E6CA9918DC86AB0062214A /* CoreGraphics.framework in Frameworks */,
				00E6CA9B18DC86AB0062214A /* UIKit.framework in Frameworks */,
				00E6CA9718DC86AB0062214A /* Foundation.framework in Frameworks */,
			);
			runOnlyForDeploymentPostprocessing = 0;
		};
		00E6CAB118DC86AB0062214A /* Frameworks */ = {
			isa = PBXFrameworksBuildPhase;
			buildActionMask = 2147483647;
			files = (
				00E6CAB618DC86AB0062214A /* XCTest.framework in Frameworks */,
				00E6CAB818DC86AB0062214A /* UIKit.framework in Frameworks */,
				00E6CAB718DC86AB0062214A /* Foundation.framework in Frameworks */,
			);
			runOnlyForDeploymentPostprocessing = 0;
		};
/* End PBXFrameworksBuildPhase section */

/* Begin PBXGroup section */
		00E6CA8A18DC86AB0062214A = {
			isa = PBXGroup;
			children = (
				00E6CA9C18DC86AB0062214A /* IntelliFlow3D */,
				00E6CABB18DC86AB0062214A /* IntelliFlow3DTests */,
				00E6CA9518DC86AB0062214A /* Frameworks */,
				00E6CA9418DC86AB0062214A /* Products */,
			);
			sourceTree = "<group>";
		};
		00E6CA9418DC86AB0062214A /* Products */ = {
			isa = PBXGroup;
			children = (
				00E6CA9318DC86AB0062214A /* IntelliFlow3D.app */,
				00E6CAB418DC86AB0062214A /* IntelliFlow3DTests.xctest */,
			);
			name = Products;
			sourceTree = "<group>";
		};
		00E6CA9518DC86AB0062214A /* Frameworks */ = {
			isa = PBXGroup;
			children = (
				00E6CA9618DC86AB0062214A /* Foundation.framework */,
				00E6CA9818DC86AB0062214A /* CoreGraphics.framework */,
				00E6CA9A18DC86AB0062214A /* UIKit.framework */,
				00E6CAB518DC86AB0062214A /* XCTest.framework */,
			);
			name = Frameworks;
			sourceTree = "<group>";
		};
		00E6CA9C18DC86AB0062214A /* IntelliFlow3D */ = {
			isa = PBXGroup;
			children = (
				00E6CAA518DC86AB0062214A /* AppDelegate.h */,
				00E6CAA618DC86AB0062214A /* AppDelegate.m */,
				00E6CAA818DC86AB0062214A /* Main.storyboard */,
				00E6CAAB18DC86AB0062214A /* ViewController.h */,
				00E6CAAC18DC86AB0062214A /* ViewController.m */,
				00E6CAAE18DC86AB0062214A /* Images.xcassets */,
				00E6CA9D18DC86AB0062214A /* Supporting Files */,
			);
			path = IntelliFlow3D;
			sourceTree = "<group>";
		};
		00E6CA9D18DC86AB0062214A /* Supporting Files */ = {
			isa = PBXGroup;
			children = (
				00E6CA9E18DC86AB0062214A /* IntelliFlow3D-Info.plist */,
				00E6CA9F18DC86AB0062214A /* InfoPlist.strings */,
				00E6CAA218DC86AB0062214A /* main.m */,
				00E6CAA418DC86AB0062214A /* IntelliFlow3D-Prefix.pch */,
			);
			name = "Supporting Files";
			sourceTree = "<group>";
		};
		00E6CABB18DC86AB0062214A /* IntelliFlow3DTests */ = {
			isa = PBXGroup;
			children = (
				00E6CAC118DC86AB0062214A /* IntelliFlow3DTests.m */,
				00E6CABC18DC86AB0062214A /* Supporting Files */,
			);
			path = IntelliFlow3DTests;
			sourceTree = "<group>";
		};
		00E6CABC18DC86AB0062214A /* Supporting Files */ = {
			isa = PBXGroup;
			children = (
				00E6CABD18DC86AB0062214A /* IntelliFlow3DTests-Info.plist */,
				00E6CABE18DC86AB0062214A /* InfoPlist.strings */,
			);
			name = "Supporting Files";
			sourceTree = "<group>";
		};
/* End PBXGroup section */

/* Begin PBXNativeTarget section */
		00E6CA9218DC86AB0062214A /* IntelliFlow3D */ = {
			isa = PBXNativeTarget;
			buildConfigurationList = 00E6CAC518DC86AB0062214A /* Build configuration list for PBXNativeTarget "IntelliFlow3D" */;
			buildPhases = (
				00E6CA8F18DC86AB0062214A /* Sources */,
				00E6CA9018DC86AB0062214A /* Frameworks */,
				00E6CA9118DC86AB0062214A /* Resources */,
			);
			buildRules = (
			);
			dependencies = (
			);
			name = IntelliFlow3D;
			productName = IntelliFlow3D;
			productReference = 00E6CA9318DC86AB0062214A /* IntelliFlow3D.app */;
			productType = "com.apple.product-type.application";
		};
		00E6CAB318DC86AB0062214A /* IntelliFlow3DTests */ = {
			isa = PBXNativeTarget;
			buildConfigurationList = 00E6CAC818DC86AB0062214A /* Build configuration list for PBXNativeTarget "IntelliFlow3DTests" */;
			buildPhases = (
				00E6CAB018DC86AB0062214A /* Sources */,
				00E6CAB118DC86AB0062214A /* Frameworks */,
				00E6CAB218DC86AB0062214A /* Resources */,
			);
			buildRules = (
			);
			dependencies = (
				00E6CABA18DC86AB0062214A /* PBXTargetDependency */,
			);
			name = IntelliFlow3DTests;
			productName = IntelliFlow3DTests;
			productReference = 00E6CAB418DC86AB0062214A /* IntelliFlow3DTests.xctest */;
			productType = "com.apple.product-type.bundle.unit-test";
		};
/* End PBXNativeTarget section */

/* Begin PBXProject section */
		00E6CA8B18DC86AB0062214A /* Project object */ = {
			isa = PBXProject;
			attributes = {
				LastUpgradeCheck = 0500;
				ORGANIZATIONNAME = "Tim Todish";
				TargetAttributes = {
					00E6CAB318DC86AB0062214A = {
						TestTargetID = 00E6CA9218DC86AB0062214A;
					};
				};
			};
			buildConfigurationList = 00E6CA8E18DC86AB0062214A /* Build configuration list for PBXProject "IntelliFlow3D" */;
			compatibilityVersion = "Xcode 3.2";
			developmentRegion = English;
			hasScannedForEncodings = 0;
			knownRegions = (
				en,
				Base,
			);
			mainGroup = 00E6CA8A18DC86AB0062214A;
			productRefGroup = 00E6CA9418DC86AB0062214A /* Products */;
			projectDirPath = "";
			projectRoot = "";
			targets = (
				00E6CA9218DC86AB0062214A /* IntelliFlow3D */,
				00E6CAB318DC86AB0062214A /* IntelliFlow3DTests */,
			);
		};
/* End PBXProject section */

/* Begin PBXResourcesBuildPhase section */
		00E6CA9118DC86AB0062214A /* Resources */ = {
			isa = PBXResourcesBuildPhase;
			buildActionMask = 2147483647;
			files = (
				00E6CAAF18DC86AB0062214A /* Images.xcassets in Resources */,
				00E6CAA118DC86AB0062214A /* InfoPlist.strings in Resources */,
				00E6CAAA18DC86AB0062214A /* Main.storyboard in Resources */,
			);
			runOnlyForDeploymentPostprocessing = 0;
		};
		00E6CAB218DC86AB0062214A /* Resources */ = {
			isa = PBXResourcesBuildPhase;
			buildActionMask = 2147483647;
			files = (
				00E6CAC018DC86AB0062214A /* InfoPlist.strings in Resources */,
			);
			runOnlyForDeploymentPostprocessing = 0;
		};
/* End PBXResourcesBuildPhase section */

/* Begin PBXSourcesBuildPhase section */
		00E6CA8F18DC86AB0062214A /* Sources */ = {
			isa = PBXSourcesBuildPhase;
			buildActionMask = 2147483647;
			files = (
				00E6CAAD18DC86AB0062214A /* ViewController.m in Sources */,
				00E6CAA718DC86AB0062214A /* AppDelegate.m in Sources */,
				00E6CAA318DC86AB0062214A /* main.m in Sources */,
			);
			runOnlyForDeploymentPostprocessing = 0;
		};
		00E6CAB018DC86AB0062214A /* Sources */ = {
			isa = PBXSourcesBuildPhase;
			buildActionMask = 2147483647;
			files = (
				00E6CAC218DC86AB0062214A /* IntelliFlow3DTests.m in Sources */,
			);
			runOnlyForDeploymentPostprocessing = 0;
		};
/* End PBXSourcesBuildPhase section */

/* Begin PBXTargetDependency section */
		00E6CABA18DC86AB0062214A /* PBXTargetDependency */ = {
			isa = PBXTargetDependency;
			target = 00E6CA9218DC86AB0062214A /* IntelliFlow3D */;
			targetProxy = 00E6CAB918DC86AB0062214A /* PBXContainerItemProxy */;
		};
/* End PBXTargetDependency section */

/* Begin PBXVariantGroup section */
		00E6CA9F18DC86AB0062214A /* InfoPlist.strings */ = {
			isa = PBXVariantGroup;
			children = (
				00E6CAA018DC86AB0062214A /* en */,
			);
			name = InfoPlist.strings;
			sourceTree = "<group>";
		};
		00E6CAA818DC86AB0062214A /* Main.storyboard */ = {
			isa = PBXVariantGroup;
			children = (
				00E6CAA918DC86AB0062214A /* Base */,
			);
			name = Main.storyboard;
			sourceTree = "<group>";
		};
		00E6CABE18DC86AB0062214A /* InfoPlist.strings */ = {
			isa = PBXVariantGroup;
			children = (
				00E6CABF18DC86AB0062214A /* en */,
			);
			name = InfoPlist.strings;
			sourceTree = "<group>";
		};
/* End PBXVariantGroup section */

/* Begin XCBuildConfiguration section */
		00E6CAC318DC86AB0062214A /* Debug */ = {
			isa = XCBuildConfiguration;
			buildSettings = {
				ALWAYS_SEARCH_USER_PATHS = NO;
				ARCHS = "$(ARCHS_STANDARD_INCLUDING_64_BIT)";
				CLANG_CXX_LANGUAGE_STANDARD = "gnu++0x";
				CLANG_CXX_LIBRARY = "libc++";
				CLANG_ENABLE_MODULES = YES;
				CLANG_ENABLE_OBJC_ARC = YES;
				CLANG_WARN_BOOL_CONVERSION = YES;
				CLANG_WARN_CONSTANT_CONVERSION = YES;
				CLANG_WARN_DIRECT_OBJC_ISA_USAGE = YES_ERROR;
				CLANG_WARN_EMPTY_BODY = YES;
				CLANG_WARN_ENUM_CONVERSION = YES;
				CLANG_WARN_INT_CONVERSION = YES;
				CLANG_WARN_OBJC_ROOT_CLASS = YES_ERROR;
				CLANG_WARN__DUPLICATE_METHOD_MATCH = YES;
				"CODE_SIGN_IDENTITY[sdk=iphoneos*]" = "iPhone Developer";
				COPY_PHASE_STRIP = NO;
				GCC_C_LANGUAGE_STANDARD = gnu99;
				GCC_DYNAMIC_NO_PIC = NO;
				GCC_OPTIMIZATION_LEVEL = 0;
				GCC_PREPROCESSOR_DEFINITIONS = (
					"DEBUG=1",
					"$(inherited)",
				);
				GCC_SYMBOLS_PRIVATE_EXTERN = NO;
				GCC_WARN_64_TO_32_BIT_CONVERSION = YES;
				GCC_WARN_ABOUT_RETURN_TYPE = YES_ERROR;
				GCC_WARN_UNDECLARED_SELECTOR = YES;
				GCC_WARN_UNINITIALIZED_AUTOS = YES;
				GCC_WARN_UNUSED_FUNCTION = YES;
				GCC_WARN_UNUSED_VARIABLE = YES;
				IPHONEOS_DEPLOYMENT_TARGET = 7.0;
				ONLY_ACTIVE_ARCH = YES;
				SDKROOT = iphoneos;
				TARGETED_DEVICE_FAMILY = 2;
			};
			name = Debug;
		};
		00E6CAC418DC86AB0062214A /* Release */ = {
			isa = XCBuildConfiguration;
			buildSettings = {
				ALWAYS_SEARCH_USER_PATHS = NO;
				ARCHS = "$(ARCHS_STANDARD_INCLUDING_64_BIT)";
				CLANG_CXX_LANGUAGE_STANDARD = "gnu++0x";
				CLANG_CXX_LIBRARY = "libc++";
				CLANG_ENABLE_MODULES = YES;
				CLANG_ENABLE_OBJC_ARC = YES;
				CLANG_WARN_BOOL_CONVERSION = YES;
				CLANG_WARN_CONSTANT_CONVERSION = YES;
				CLANG_WARN_DIRECT_OBJC_ISA_USAGE = YES_ERROR;
				CLANG_WARN_EMPTY_BODY = YES;
				CLANG_WARN_ENUM_CONVERSION = YES;
				CLANG_WARN_INT_CONVERSION = YES;
				CLANG_WARN_OBJC_ROOT_CLASS = YES_ERROR;
				CLANG_WARN__DUPLICATE_METHOD_MATCH = YES;
				"CODE_SIGN_IDENTITY[sdk=iphoneos*]" = "iPhone Developer";
				COPY_PHASE_STRIP = YES;
				ENABLE_NS_ASSERTIONS = NO;
				GCC_C_LANGUAGE_STANDARD = gnu99;
				GCC_WARN_64_TO_32_BIT_CONVERSION = YES;
				GCC_WARN_ABOUT_RETURN_TYPE = YES_ERROR;
				GCC_WARN_UNDECLARED_SELECTOR = YES;
				GCC_WARN_UNINITIALIZED_AUTOS = YES;
				GCC_WARN_UNUSED_FUNCTION = YES;
				GCC_WARN_UNUSED_VARIABLE = YES;
				IPHONEOS_DEPLOYMENT_TARGET = 7.0;
				SDKROOT = iphoneos;
				TARGETED_DEVICE_FAMILY = 2;
				VALIDATE_PRODUCT = YES;
			};
			name = Release;
		};
		00E6CAC618DC86AB0062214A /* Debug */ = {
			isa = XCBuildConfiguration;
			buildSettings = {
				ASSETCATALOG_COMPILER_APPICON_NAME = AppIcon;
				ASSETCATALOG_COMPILER_LAUNCHIMAGE_NAME = LaunchImage;
				GCC_PRECOMPILE_PREFIX_HEADER = YES;
				GCC_PREFIX_HEADER = "IntelliFlow3D/IntelliFlow3D-Prefix.pch";
				INFOPLIST_FILE = "IntelliFlow3D/IntelliFlow3D-Info.plist";
				PRODUCT_NAME = "$(TARGET_NAME)";
				WRAPPER_EXTENSION = app;
			};
			name = Debug;
		};
		00E6CAC718DC86AB0062214A /* Release */ = {
			isa = XCBuildConfiguration;
			buildSettings = {
				ASSETCATALOG_COMPILER_APPICON_NAME = AppIcon;
				ASSETCATALOG_COMPILER_LAUNCHIMAGE_NAME = LaunchImage;
				GCC_PRECOMPILE_PREFIX_HEADER = YES;
				GCC_PREFIX_HEADER = "IntelliFlow3D/IntelliFlow3D-Prefix.pch";
				INFOPLIST_FILE = "IntelliFlow3D/IntelliFlow3D-Info.plist";
				PRODUCT_NAME = "$(TARGET_NAME)";
				WRAPPER_EXTENSION = app;
			};
			name = Release;
		};
		00E6CAC918DC86AB0062214A /* Debug */ = {
			isa = XCBuildConfiguration;
			buildSettings = {
				ARCHS = "$(ARCHS_STANDARD_INCLUDING_64_BIT)";
				BUNDLE_LOADER = "$(BUILT_PRODUCTS_DIR)/IntelliFlow3D.app/IntelliFlow3D";
				FRAMEWORK_SEARCH_PATHS = (
					"$(SDKROOT)/Developer/Library/Frameworks",
					"$(inherited)",
					"$(DEVELOPER_FRAMEWORKS_DIR)",
				);
				GCC_PRECOMPILE_PREFIX_HEADER = YES;
				GCC_PREFIX_HEADER = "IntelliFlow3D/IntelliFlow3D-Prefix.pch";
				GCC_PREPROCESSOR_DEFINITIONS = (
					"DEBUG=1",
					"$(inherited)",
				);
				INFOPLIST_FILE = "IntelliFlow3DTests/IntelliFlow3DTests-Info.plist";
				PRODUCT_NAME = "$(TARGET_NAME)";
				TEST_HOST = "$(BUNDLE_LOADER)";
				WRAPPER_EXTENSION = xctest;
			};
			name = Debug;
		};
		00E6CACA18DC86AB0062214A /* Release */ = {
			isa = XCBuildConfiguration;
			buildSettings = {
				ARCHS = "$(ARCHS_STANDARD_INCLUDING_64_BIT)";
				BUNDLE_LOADER = "$(BUILT_PRODUCTS_DIR)/IntelliFlow3D.app/IntelliFlow3D";
				FRAMEWORK_SEARCH_PATHS = (
					"$(SDKROOT)/Developer/Library/Frameworks",
					"$(inherited)",
					"$(DEVELOPER_FRAMEWORKS_DIR)",
				);
				GCC_PRECOMPILE_PREFIX_HEADER = YES;
				GCC_PREFIX_HEADER = "IntelliFlow3D/IntelliFlow3D-Prefix.pch";
				INFOPLIST_FILE = "IntelliFlow3DTests/IntelliFlow3DTests-Info.plist";
				PRODUCT_NAME = "$(TARGET_NAME)";
				TEST_HOST = "$(BUNDLE_LOADER)";
				WRAPPER_EXTENSION = xctest;
			};
			name = Release;
		};
/* End XCBuildConfiguration section */

/* Begin XCConfigurationList section */
		00E6CA8E18DC86AB0062214A /* Build configuration list for PBXProject "IntelliFlow3D" */ = {
			isa = XCConfigurationList;
			buildConfigurations = (
				00E6CAC318DC86AB0062214A /* Debug */,
				00E6CAC418DC86AB0062214A /* Release */,
			);
			defaultConfigurationIsVisible = 0;
			defaultConfigurationName = Release;
		};
		00E6CAC518DC86AB0062214A /* Build configuration list for PBXNativeTarget "IntelliFlow3D" */ = {
			isa = XCConfigurationList;
			buildConfigurations = (
				00E6CAC618DC86AB0062214A /* Debug */,
				00E6CAC718DC86AB0062214A /* Release */,
			);
			defaultConfigurationIsVisible = 0;
		};
		00E6CAC818DC86AB0062214A /* Build configuration list for PBXNativeTarget "IntelliFlow3DTests" */ = {
			isa = XCConfigurationList;
			buildConfigurations = (
				00E6CAC918DC86AB0062214A /* Debug */,
				00E6CACA18DC86AB0062214A /* Release */,
			);
			defaultConfigurationIsVisible = 0;
		};
/* End XCConfigurationList section */
	};
	rootObject = 00E6CA8B18DC86AB0062214A /* Project object */;
}
